{
	"name": "dashnet-pixel-thing-bot",
	"version": "1.0.0",
	"lockfileVersion": 1,
	"requires": true,
	"dependencies": {
		"better-owop-js": {
			"version": "1.0.2",
			"resolved": "https://registry.npmjs.org/better-owop-js/-/better-owop-js-1.0.2.tgz",
			"integrity": "sha512-V7T/96Tx9lYstcOAFglvzJfciamO0VsBXoP5Srj4QzwEimvxB2V7hp4phdSZItPVww7qVqX/+OQ9yznAarnpjA==",
			"requires": {
				"ws": "^7.2.5"
			}
		},
		"ws": {
			"version": "7.2.5",
			"resolved": "https://registry.npmjs.org/ws/-/ws-7.2.5.tgz",
			"integrity": "sha512-C34cIU4+DB2vMyAbmEKossWq2ZQDr6QEyuuCzWrM9zfw1sGc0mYiJ0UnG9zzNykt49C2Fi34hvr2vssFQRS6EA=="
		}
	}
}
